
Microsoft Visual Studio Solution File, Format Version 12.00
# Visual Studio Version 17
VisualStudioVersion = 17.0.31903.59
MinimumVisualStudioVersion = 10.0.40219.1
Project("{FAE04EC0-301F-11D3-BF4B-00C04F79EFBC}") = "InfraAgent.Api", "InfraAgent.Api\InfraAgent.Api.csproj", "{758F952D-C618-4AEC-B818-FF8117C1AE82}"
EndProject
Project("{FAE04EC0-301F-11D3-BF4B-00C04F79EFBC}") = "InfraAgent.Core", "InfraAgent.Core\InfraAgent.Core.csproj", "{D7AC7F93-A7E9-4D1E-9388-84E53ECA567B}"
EndProject
Project("{FAE04EC0-301F-11D3-BF4B-00C04F79EFBC}") = "InfraAgent.Tools", "InfraAgent.Tools\InfraAgent.Tools.csproj", "{FCBD1F8D-D606-4DAA-8E2F-FAEA3334AEAC}"
EndProject
Project("{FAE04EC0-301F-11D3-BF4B-00C04F79EFBC}") = "InfraAgent.Tests", "InfraAgent.Tests\InfraAgent.Tests.csproj", "{D6FC3284-E3C1-46DB-8368-8F55BE840FE1}"
EndProject
Global
	GlobalSection(SolutionConfigurationPlatforms) = preSolution
		Debug|Any CPU = Debug|Any CPU
		Debug|x64 = Debug|x64
		Debug|x86 = Debug|x86
		Release|Any CPU = Release|Any CPU
		Release|x64 = Release|x64
		Release|x86 = Release|x86
	EndGlobalSection
	GlobalSection(ProjectConfigurationPlatforms) = postSolution
		{758F952D-C618-4AEC-B818-FF8117C1AE82}.Debug|Any CPU.ActiveCfg = Debug|Any CPU
		{758F952D-C618-4AEC-B818-FF8117C1AE82}.Debug|Any CPU.Build.0 = Debug|Any CPU
		{758F952D-C618-4AEC-B818-FF8117C1AE82}.Debug|x64.ActiveCfg = Debug|Any CPU
		{758F952D-C618-4AEC-B818-FF8117C1AE82}.Debug|x64.Build.0 = Debug|Any CPU
		{758F952D-C618-4AEC-B818-FF8117C1AE82}.Debug|x86.ActiveCfg = Debug|Any CPU
		{758F952D-C618-4AEC-B818-FF8117C1AE82}.Debug|x86.Build.0 = Debug|Any CPU
		{758F952D-C618-4AEC-B818-FF8117C1AE82}.Release|Any CPU.ActiveCfg = Release|Any CPU
		{758F952D-C618-4AEC-B818-FF8117C1AE82}.Release|Any CPU.Build.0 = Release|Any CPU
		{758F952D-C618-4AEC-B818-FF8117C1AE82}.Release|x64.ActiveCfg = Release|Any CPU
		{758F952D-C618-4AEC-B818-FF8117C1AE82}.Release|x64.Build.0 = Release|Any CPU
		{758F952D-C618-4AEC-B818-FF8117C1AE82}.Release|x86.ActiveCfg = Release|Any CPU
		{758F952D-C618-4AEC-B818-FF8117C1AE82}.Release|x86.Build.0 = Release|Any CPU
		{D7AC7F93-A7E9-4D1E-9388-84E53ECA567B}.Debug|Any CPU.ActiveCfg = Debug|Any CPU
		{D7AC7F93-A7E9-4D1E-9388-84E53ECA567B}.Debug|Any CPU.Build.0 = Debug|Any CPU
		{D7AC7F93-A7E9-4D1E-9388-84E53ECA567B}.Debug|x64.ActiveCfg = Debug|Any CPU
		{D7AC7F93-A7E9-4D1E-9388-84E53ECA567B}.Debug|x64.Build.0 = Debug|Any CPU
		{D7AC7F93-A7E9-4D1E-9388-84E53ECA567B}.Debug|x86.ActiveCfg = Debug|Any CPU
		{D7AC7F93-A7E9-4D1E-9388-84E53ECA567B}.Debug|x86.Build.0 = Debug|Any CPU
		{D7AC7F93-A7E9-4D1E-9388-84E53ECA567B}.Release|Any CPU.ActiveCfg = Release|Any CPU
		{D7AC7F93-A7E9-4D1E-9388-84E53ECA567B}.Release|Any CPU.Build.0 = Release|Any CPU
		{D7AC7F93-A7E9-4D1E-9388-84E53ECA567B}.Release|x64.ActiveCfg = Release|Any CPU
		{D7AC7F93-A7E9-4D1E-9388-84E53ECA567B}.Release|x64.Build.0 = Release|Any CPU
		{D7AC7F93-A7E9-4D1E-9388-84E53ECA567B}.Release|x86.ActiveCfg = Release|Any CPU
		{D7AC7F93-A7E9-4D1E-9388-84E53ECA567B}.Release|x86.Build.0 = Release|Any CPU
		{FCBD1F8D-D606-4DAA-8E2F-FAEA3334AEAC}.Debug|Any CPU.ActiveCfg = Debug|Any CPU
		{FCBD1F8D-D606-4DAA-8E2F-FAEA3334AEAC}.Debug|Any CPU.Build.0 = Debug|Any CPU
		{FCBD1F8D-D606-4DAA-8E2F-FAEA3334AEAC}.Debug|x64.ActiveCfg = Debug|Any CPU
		{FCBD1F8D-D606-4DAA-8E2F-FAEA3334AEAC}.Debug|x64.Build.0 = Debug|Any CPU
		{FCBD1F8D-D606-4DAA-8E2F-FAEA3334AEAC}.Debug|x86.ActiveCfg = Debug|Any CPU
		{FCBD1F8D-D606-4DAA-8E2F-FAEA3334AEAC}.Debug|x86.Build.0 = Debug|Any CPU
		{FCBD1F8D-D606-4DAA-8E2F-FAEA3334AEAC}.Release|Any CPU.ActiveCfg = Release|Any CPU
		{FCBD1F8D-D606-4DAA-8E2F-FAEA3334AEAC}.Release|Any CPU.Build.0 = Release|Any CPU
		{FCBD1F8D-D606-4DAA-8E2F-FAEA3334AEAC}.Release|x64.ActiveCfg = Release|Any CPU
		{FCBD1F8D-D606-4DAA-8E2F-FAEA3334AEAC}.Release|x64.Build.0 = Release|Any CPU
		{FCBD1F8D-D606-4DAA-8E2F-FAEA3334AEAC}.Release|x86.ActiveCfg = Release|Any CPU
		{FCBD1F8D-D606-4DAA-8E2F-FAEA3334AEAC}.Release|x86.Build.0 = Release|Any CPU
		{D6FC3284-E3C1-46DB-8368-8F55BE840FE1}.Debug|Any CPU.ActiveCfg = Debug|Any CPU
		{D6FC3284-E3C1-46DB-8368-8F55BE840FE1}.Debug|Any CPU.Build.0 = Debug|Any CPU
		{D6FC3284-E3C1-46DB-8368-8F55BE840FE1}.Debug|x64.ActiveCfg = Debug|Any CPU
		{D6FC3284-E3C1-46DB-8368-8F55BE840FE1}.Debug|x64.Build.0 = Debug|Any CPU
		{D6FC3284-E3C1-46DB-8368-8F55BE840FE1}.Debug|x86.ActiveCfg = Debug|Any CPU
		{D6FC3284-E3C1-46DB-8368-8F55BE840FE1}.Debug|x86.Build.0 = Debug|Any CPU
		{D6FC3284-E3C1-46DB-8368-8F55BE840FE1}.Release|Any CPU.ActiveCfg = Release|Any CPU
		{D6FC3284-E3C1-46DB-8368-8F55BE840FE1}.Release|Any CPU.Build.0 = Release|Any CPU
		{D6FC3284-E3C1-46DB-8368-8F55BE840FE1}.Release|x64.ActiveCfg = Release|Any CPU
		{D6FC3284-E3C1-46DB-8368-8F55BE840FE1}.Release|x64.Build.0 = Release|Any CPU
		{D6FC3284-E3C1-46DB-8368-8F55BE840FE1}.Release|x86.ActiveCfg = Release|Any CPU
		{D6FC3284-E3C1-46DB-8368-8F55BE840FE1}.Release|x86.Build.0 = Release|Any CPU
	EndGlobalSection
	GlobalSection(SolutionProperties) = preSolution
		HideSolutionNode = FALSE
	EndGlobalSection
EndGlobal
